# THIS IS AN AUTOGENERATED FILE. DO NOT EDIT THIS FILE DIRECTLY.
# yarn lockfile v1


"@types/node@^18.15.0":
  version "18.15.0"
  resolved "https://registry.yarnpkg.com/@types/node/-/node-18.15.0.tgz#286a65e3fdffd691e170541e6ecb0410b16a38be"
  integrity sha512-z6nr0TTEOBGkzLGmbypWOGnpSpSIBorEhC4L+4HeQ2iezKCi4f77kyslRwvHeNitymGQ+oFyIWGP96l/DPSV9w==

prettier@^2.8.4:
  version "2.8.4"
  resolved "https://registry.yarnpkg.com/prettier/-/prettier-2.8.4.tgz#34dd2595629bfbb79d344ac4a91ff948694463c3"
  integrity sha512-vIS4Rlc2FNh0BySk3Wkd6xmwxB0FpOndW5fisM5H8hsZSxU2VWVB5CWIkIjWvrHjIhxk2g3bfMKM87zNTrZddw==

typescript@^5.1.3:
  version "5.1.3"
  resolved "https://registry.yarnpkg.com/typescript/-/typescript-5.1.3.tgz#8d84219244a6b40b6fb2b33cc1c062f715b9e826"
  integrity sha512-XH627E9vkeqhlZFQuL+UsyAXEnibT0kWR2FWONlr4sTjvxyJYnyefgrkyECLzM5NenmKzRAy2rR/OlYLA1HkZw==
